
Microsoft Visual Studio Solution File, Format Version 12.00
# Visual Studio 15
VisualStudioVersion = 15.0.28307.489
MinimumVisualStudioVersion = 10.0.40219.1
Project("{FAE04EC0-301F-11D3-BF4B-00C04F79EFBC}") = "Word quiz", "Word quiz\Word quiz.csproj", "{D689A12C-DC51-4A48-8482-9E2975FF56B2}"
EndProject
Global
	GlobalSection(SolutionConfigurationPlatforms) = preSolution
		Debug|Any CPU = Debug|Any CPU
		Release|Any CPU = Release|Any CPU
	EndGlobalSection
	GlobalSection(ProjectConfigurationPlatforms) = postSolution
		{D689A12C-DC51-4A48-8482-9E2975FF56B2}.Debug|Any CPU.ActiveCfg = Debug|Any CPU
		{D689A12C-DC51-4A48-8482-9E2975FF56B2}.Debug|Any CPU.Build.0 = Debug|Any CPU
		{D689A12C-DC51-4A48-8482-9E2975FF56B2}.Release|Any CPU.ActiveCfg = Release|Any CPU
		{D689A12C-DC51-4A48-8482-9E2975FF56B2}.Release|Any CPU.Build.0 = Release|Any CPU
	EndGlobalSection
	GlobalSection(SolutionProperties) = preSolution
		HideSolutionNode = FALSE
	EndGlobalSection
	GlobalSection(ExtensibilityGlobals) = postSolution
		SolutionGuid = {63617FF5-AFD9-4261-B0E4-73B117D29224}
	EndGlobalSection
EndGlobal
